{
  "object": {
    "pins": [
      {
        "package": "AEPCore",
        "repositoryURL": "https://github.com/adobe/aepsdk-core-ios.git",
        "state": {
          "branch": "main",
          "revision": "6d1e37d24f0494fb33db14b3d09dfb7451608d95",
          "version": null
        }
      },
      {
        "package": "AEPRulesEngine",
        "repositoryURL": "https://github.com/adobe/aepsdk-rulesengine-ios.git",
        "state": {
          "branch": "dev",
          "revision": "23bb1679b1d7f02b5a09103578c4402afe8242c3",
          "version": null
        }
      }
    ]
  },
  "version": 1
}
