PODS:
  - AEPAssurance (4.0.0):
    - AEPCore (>= 4.0.0)
    - AEPServices (>= 4.0.0)
  - AEPCore (4.0.0):
    - AEPRulesEngine (>= 4.0.0)
    - AEPServices (>= 4.0.0)
  - AEPEdge (4.0.0):
    - AEPCore (>= 4.0.0)
    - AEPEdgeIdentity (>= 4.0.0)
  - AEPEdgeConsent (4.0.0):
    - AEPCore (>= 4.0.0)
    - AEPEdge (>= 4.0.0)
  - AEPEdgeIdentity (4.0.0):
    - AEPCore (>= 4.0.0)
  - AEPLifecycle (4.0.0):
    - AEPCore (>= 4.0.0)
  - AEPRulesEngine (4.0.0)
  - AEPServices (4.0.0)

DEPENDENCIES:
  - AEPAssurance
  - AEPCore
  - AEPEdge
  - AEPEdgeConsent
  - AEPEdgeIdentity
  - AEPLifecycle
  - AEPServices

SPEC REPOS:
  trunk:
    - AEPAssurance
    - AEPCore
    - AEPEdge
    - AEPEdgeConsent
    - AEPEdgeIdentity
    - AEPLifecycle
    - AEPRulesEngine
    - AEPServices

SPEC CHECKSUMS:
  AEPAssurance: 4fa3138ddd7308c1f9923570f4d2b0b8526a916f
  AEPCore: dd7cd69696c768c610e6adc0307032985a381c7e
  AEPEdge: ffea1ada1e81c9cb239aac694efa5c8635b50c1f
  AEPEdgeConsent: 54c1b6a30a3d646e3d4bc4bae1713755422b471e
  AEPEdgeIdentity: c2396b9119abd6eb530ea11efc58ec019b163bd4
  AEPLifecycle: 59be1b5381d8ec4939ece43516ea7d2de4aaba65
  AEPRulesEngine: 458450a34922823286ead045a0c2bd8c27e224c6
  AEPServices: ca493988df250d84fda050124ff7549bcc43c65f

PODFILE CHECKSUM: f67c0ee0f4def7974389a47b8307dcf8d65d4288

COCOAPODS: 1.11.2
