<?xml version="1.0" encoding="UTF-8"?>
<Scheme
   LastUpgradeVersion = "1420"
   version = "1.3">
   <BuildAction
      parallelizeBuildables = "YES"
      buildImplicitDependencies = "YES">
      <BuildActionEntries>
         <BuildActionEntry
            buildForTesting = "YES"
            buildForRunning = "YES"
            buildForProfiling = "NO"
            buildForArchiving = "NO"
            buildForAnalyzing = "NO">
            <BuildableReference
               BuildableIdentifier = "primary"
               BlueprintIdentifier = "4CBEE5C129D637170084BC50"
               BuildableName = "UpstreamIntegrationTests.xctest"
               BlueprintName = "UpstreamIntegrationTests"
               ReferencedContainer = "container:AEPEdge.xcodeproj">
            </BuildableReference>
         </BuildActionEntry>
      </BuildActionEntries>
   </BuildAction>
   <TestAction
      buildConfiguration = "Debug"
      selectedDebuggerIdentifier = "Xcode.DebuggerFoundation.Debugger.LLDB"
      selectedLauncherIdentifier = "Xcode.DebuggerFoundation.Launcher.LLDB"
      shouldUseLaunchSchemeArgsEnv = "NO">
      <MacroExpansion>
         <BuildableReference
            BuildableIdentifier = "primary"
            BlueprintIdentifier = "4CBEE5C129D637170084BC50"
            BuildableName = "UpstreamIntegrationTests.xctest"
            BlueprintName = "UpstreamIntegrationTests"
            ReferencedContainer = "container:AEPEdge.xcodeproj">
         </BuildableReference>
      </MacroExpansion>
      <EnvironmentVariables>
         <EnvironmentVariable
            key = "EDGE_LOCATION_HINT"
            value = "$(EDGE_LOCATION_HINT)"
            isEnabled = "YES">
         </EnvironmentVariable>
         <EnvironmentVariable
            key = "EDGE_ENVIRONMENT"
            value = "$(EDGE_ENVIRONMENT)"
            isEnabled = "YES">
         </EnvironmentVariable>
      </EnvironmentVariables>
      <Testables>
         <TestableReference
            skipped = "NO">
            <BuildableReference
               BuildableIdentifier = "primary"
               BlueprintIdentifier = "4CBEE5C129D637170084BC50"
               BuildableName = "UpstreamIntegrationTests.xctest"
               BlueprintName = "UpstreamIntegrationTests"
               ReferencedContainer = "container:AEPEdge.xcodeproj">
            </BuildableReference>
            <SkippedTests>
               <Test
                  Identifier = "ConfigOverrideTests/testSendEvent_withInvalidConfigOverrides_containingValidAndDummyValues_receivesExpectedNetworkResponseError()">
               </Test>
               <Test
                  Identifier = "ConfigOverrideTests/testSendEvent_withInvalidConfigOverrides_dummyValues_receivesExpectedNetworkResponseError()">
               </Test>
               <Test
                  Identifier = "ConfigOverrideTests/testSendEvent_withInvalidConfigOverrides_notConfiguredValues_receivesExpectedNetworkResponseError()">
               </Test>
               <Test
                  Identifier = "ConfigOverrideTests/testSendEvent_withInvalidConfigOverrides_receivesExpectedNetworkResponseError()">
               </Test>
            </SkippedTests>
         </TestableReference>
      </Testables>
   </TestAction>
   <LaunchAction
      buildConfiguration = "Debug"
      selectedDebuggerIdentifier = "Xcode.DebuggerFoundation.Debugger.LLDB"
      selectedLauncherIdentifier = "Xcode.DebuggerFoundation.Launcher.LLDB"
      launchStyle = "0"
      useCustomWorkingDirectory = "NO"
      ignoresPersistentStateOnLaunch = "NO"
      debugDocumentVersioning = "YES"
      debugServiceExtension = "internal"
      allowLocationSimulation = "YES">
   </LaunchAction>
   <ProfileAction
      buildConfiguration = "Release"
      shouldUseLaunchSchemeArgsEnv = "YES"
      savedToolIdentifier = ""
      useCustomWorkingDirectory = "NO"
      debugDocumentVersioning = "YES">
      <MacroExpansion>
         <BuildableReference
            BuildableIdentifier = "primary"
            BlueprintIdentifier = "4CBEE5C129D637170084BC50"
            BuildableName = "UpstreamIntegrationTests.xctest"
            BlueprintName = "UpstreamIntegrationTests"
            ReferencedContainer = "container:AEPEdge.xcodeproj">
         </BuildableReference>
      </MacroExpansion>
   </ProfileAction>
   <AnalyzeAction
      buildConfiguration = "Debug">
   </AnalyzeAction>
   <ArchiveAction
      buildConfiguration = "Release"
      revealArchiveInOrganizer = "YES">
   </ArchiveAction>
</Scheme>
