PODS:
  - AEPAssurance (3.0.1):
    - AEPCore (>= 3.1.0)
    - AEPServices (>= 3.1.0)
  - AEPCore (3.5.0):
    - AEPRulesEngine (>= 1.1.0)
    - AEPServices (>= 3.5.0)
  - AEPEdge (1.3.1):
    - AEPCore (>= 3.5.0)
    - AEPEdgeIdentity
  - AEPEdgeIdentity (1.0.0):
    - AEPCore (>= 3.1.1)
  - AEPRulesEngine (1.1.0)
  - AEPServices (3.5.0)

DEPENDENCIES:
  - AEPAssurance
  - AEPCore (from `https://github.com/adobe/aepsdk-core-ios`, branch `staging`)
  - AEPEdge (from `../../`)
  - AEPEdgeIdentity
  - AEPServices (from `https://github.com/adobe/aepsdk-core-ios`, branch `staging`)

SPEC REPOS:
  trunk:
    - AEPAssurance
    - AEPEdgeIdentity
    - AEPRulesEngine

EXTERNAL SOURCES:
  AEPCore:
    :branch: staging
    :git: https://github.com/adobe/aepsdk-core-ios
  AEPEdge:
    :path: "../../"
  AEPServices:
    :branch: staging
    :git: https://github.com/adobe/aepsdk-core-ios

CHECKOUT OPTIONS:
  AEPCore:
    :commit: bbbb9748e04d28b28411dc104adab6f785877959
    :git: https://github.com/adobe/aepsdk-core-ios
  AEPServices:
    :commit: bbbb9748e04d28b28411dc104adab6f785877959
    :git: https://github.com/adobe/aepsdk-core-ios

SPEC CHECKSUMS:
  AEPAssurance: b25880cd4b14f22c61a1dce19807bd0ca0fe9b17
  AEPCore: a3b4159038df33b63ebdab227342cd57d8ded1b0
  AEPEdge: cb46ff57b812c52dc4d20ba4ba16091af0a82960
  AEPEdgeIdentity: 40d312b4434b710a46c1738ab2a221dda4cfd67e
  AEPRulesEngine: bb2927ed5501ddf9754c66e97f8d2b1cf8e33b19
  AEPServices: 2e869a387b67c04ab5f3f647026412ff410efbb0

PODFILE CHECKSUM: b0ceff739cb1f577ff41b9d73248c0ee0068408f

COCOAPODS: 1.11.2
