// !$*UTF8*$!
{
	archiveVersion = 1;
	classes = {
	};
	objectVersion = 55;
	objects = {

/* Begin PBXBuildFile section */
		4C5CA71628CFE46700BD8DF9 /* ContentView.swift in Sources */ = {isa = PBXBuildFile; fileRef = 4C5CA71528CFE46700BD8DF9 /* ContentView.swift */; };
		4C5CA72628CFE4F600BD8DF9 /* SceneDelegate.swift in Sources */ = {isa = PBXBuildFile; fileRef = 4C5CA72128CFE4F600BD8DF9 /* SceneDelegate.swift */; };
		4C5CA72828CFE4F600BD8DF9 /* AppDelegate.swift in Sources */ = {isa = PBXBuildFile; fileRef = 4C5CA72328CFE4F600BD8DF9 /* AppDelegate.swift */; };
		4C5CA72928CFE4F600BD8DF9 /* Assets.xcassets in Resources */ = {isa = PBXBuildFile; fileRef = 4C5CA72428CFE4F600BD8DF9 /* Assets.xcassets */; };
		4C5CA72A28CFE4F600BD8DF9 /* Preview Content in Resources */ = {isa = PBXBuildFile; fileRef = 4C5CA72528CFE4F600BD8DF9 /* Preview Content */; };
		4C5CA72D28CFE50000BD8DF9 /* LaunchScreen.storyboard in Resources */ = {isa = PBXBuildFile; fileRef = 4C5CA72B28CFE50000BD8DF9 /* LaunchScreen.storyboard */; };
		6C8FC09D654CFF549EFB94FF /* Pods_EdgeTutorialAppStart.framework in Frameworks */ = {isa = PBXBuildFile; fileRef = C4FB31E5DAE7AA34897B9925 /* Pods_EdgeTutorialAppStart.framework */; };
/* End PBXBuildFile section */

/* Begin PBXFileReference section */
		4C5CA71028CFE46700BD8DF9 /* EdgeTutorialAppStart.app */ = {isa = PBXFileReference; explicitFileType = wrapper.application; includeInIndex = 0; path = EdgeTutorialAppStart.app; sourceTree = BUILT_PRODUCTS_DIR; };
		4C5CA71528CFE46700BD8DF9 /* ContentView.swift */ = {isa = PBXFileReference; lastKnownFileType = sourcecode.swift; path = ContentView.swift; sourceTree = "<group>"; };
		4C5CA72128CFE4F600BD8DF9 /* SceneDelegate.swift */ = {isa = PBXFileReference; fileEncoding = 4; lastKnownFileType = sourcecode.swift; path = SceneDelegate.swift; sourceTree = "<group>"; };
		4C5CA72228CFE4F600BD8DF9 /* Info.plist */ = {isa = PBXFileReference; fileEncoding = 4; lastKnownFileType = text.plist.xml; path = Info.plist; sourceTree = "<group>"; };
		4C5CA72328CFE4F600BD8DF9 /* AppDelegate.swift */ = {isa = PBXFileReference; fileEncoding = 4; lastKnownFileType = sourcecode.swift; path = AppDelegate.swift; sourceTree = "<group>"; };
		4C5CA72428CFE4F600BD8DF9 /* Assets.xcassets */ = {isa = PBXFileReference; lastKnownFileType = folder.assetcatalog; path = Assets.xcassets; sourceTree = "<group>"; };
		4C5CA72528CFE4F600BD8DF9 /* Preview Content */ = {isa = PBXFileReference; lastKnownFileType = folder; path = "Preview Content"; sourceTree = "<group>"; };
		4C5CA72C28CFE50000BD8DF9 /* Base */ = {isa = PBXFileReference; lastKnownFileType = file.storyboard; name = Base; path = Base.lproj/LaunchScreen.storyboard; sourceTree = "<group>"; };
		6FEE38FA942E0937F1C7979D /* Pods-EdgeTutorialAppStart.debug.xcconfig */ = {isa = PBXFileReference; includeInIndex = 1; lastKnownFileType = text.xcconfig; name = "Pods-EdgeTutorialAppStart.debug.xcconfig"; path = "Target Support Files/Pods-EdgeTutorialAppStart/Pods-EdgeTutorialAppStart.debug.xcconfig"; sourceTree = "<group>"; };
		B6A7E404911A2A89D87A8DED /* Pods-EdgeTutorialAppStart.release.xcconfig */ = {isa = PBXFileReference; includeInIndex = 1; lastKnownFileType = text.xcconfig; name = "Pods-EdgeTutorialAppStart.release.xcconfig"; path = "Target Support Files/Pods-EdgeTutorialAppStart/Pods-EdgeTutorialAppStart.release.xcconfig"; sourceTree = "<group>"; };
		C4FB31E5DAE7AA34897B9925 /* Pods_EdgeTutorialAppStart.framework */ = {isa = PBXFileReference; explicitFileType = wrapper.framework; includeInIndex = 0; path = Pods_EdgeTutorialAppStart.framework; sourceTree = BUILT_PRODUCTS_DIR; };
/* End PBXFileReference section */

/* Begin PBXFrameworksBuildPhase section */
		4C5CA70D28CFE46700BD8DF9 /* Frameworks */ = {
			isa = PBXFrameworksBuildPhase;
			buildActionMask = 2147483647;
			files = (
				6C8FC09D654CFF549EFB94FF /* Pods_EdgeTutorialAppStart.framework in Frameworks */,
			);
			runOnlyForDeploymentPostprocessing = 0;
		};
/* End PBXFrameworksBuildPhase section */

/* Begin PBXGroup section */
		410A96DE0966BA0E555B0788 /* Frameworks */ = {
			isa = PBXGroup;
			children = (
				C4FB31E5DAE7AA34897B9925 /* Pods_EdgeTutorialAppStart.framework */,
			);
			name = Frameworks;
			sourceTree = "<group>";
		};
		4C5CA70728CFE46700BD8DF9 = {
			isa = PBXGroup;
			children = (
				4C5CA71228CFE46700BD8DF9 /* EdgeTutorialAppStart */,
				4C5CA71128CFE46700BD8DF9 /* Products */,
				DC416DD731848910B3647383 /* Pods */,
				410A96DE0966BA0E555B0788 /* Frameworks */,
			);
			sourceTree = "<group>";
		};
		4C5CA71128CFE46700BD8DF9 /* Products */ = {
			isa = PBXGroup;
			children = (
				4C5CA71028CFE46700BD8DF9 /* EdgeTutorialAppStart.app */,
			);
			name = Products;
			sourceTree = "<group>";
		};
		4C5CA71228CFE46700BD8DF9 /* EdgeTutorialAppStart */ = {
			isa = PBXGroup;
			children = (
				4C5CA72B28CFE50000BD8DF9 /* LaunchScreen.storyboard */,
				4C5CA72328CFE4F600BD8DF9 /* AppDelegate.swift */,
				4C5CA72428CFE4F600BD8DF9 /* Assets.xcassets */,
				4C5CA72228CFE4F600BD8DF9 /* Info.plist */,
				4C5CA72528CFE4F600BD8DF9 /* Preview Content */,
				4C5CA72128CFE4F600BD8DF9 /* SceneDelegate.swift */,
				4C5CA71528CFE46700BD8DF9 /* ContentView.swift */,
			);
			path = EdgeTutorialAppStart;
			sourceTree = "<group>";
		};
		DC416DD731848910B3647383 /* Pods */ = {
			isa = PBXGroup;
			children = (
				6FEE38FA942E0937F1C7979D /* Pods-EdgeTutorialAppStart.debug.xcconfig */,
				B6A7E404911A2A89D87A8DED /* Pods-EdgeTutorialAppStart.release.xcconfig */,
			);
			name = Pods;
			path = Pods;
			sourceTree = "<group>";
		};
/* End PBXGroup section */

/* Begin PBXNativeTarget section */
		4C5CA70F28CFE46700BD8DF9 /* EdgeTutorialAppStart */ = {
			isa = PBXNativeTarget;
			buildConfigurationList = 4C5CA71E28CFE46700BD8DF9 /* Build configuration list for PBXNativeTarget "EdgeTutorialAppStart" */;
			buildPhases = (
				54761130470530172328EAE5 /* [CP] Check Pods Manifest.lock */,
				4C5CA70C28CFE46700BD8DF9 /* Sources */,
				4C5CA70D28CFE46700BD8DF9 /* Frameworks */,
				4C5CA70E28CFE46700BD8DF9 /* Resources */,
				86811CD9212AD38F8E7B07E7 /* [CP] Embed Pods Frameworks */,
			);
			buildRules = (
			);
			dependencies = (
			);
			name = EdgeTutorialAppStart;
			productName = EdgeTutorialAppStart;
			productReference = 4C5CA71028CFE46700BD8DF9 /* EdgeTutorialAppStart.app */;
			productType = "com.apple.product-type.application";
		};
/* End PBXNativeTarget section */

/* Begin PBXProject section */
		4C5CA70828CFE46700BD8DF9 /* Project object */ = {
			isa = PBXProject;
			attributes = {
				BuildIndependentTargetsInParallel = 1;
				LastSwiftUpdateCheck = 1340;
				LastUpgradeCheck = 1340;
				TargetAttributes = {
					4C5CA70F28CFE46700BD8DF9 = {
						CreatedOnToolsVersion = 13.4.1;
					};
				};
			};
			buildConfigurationList = 4C5CA70B28CFE46700BD8DF9 /* Build configuration list for PBXProject "EdgeTutorialAppStart" */;
			compatibilityVersion = "Xcode 13.0";
			developmentRegion = en;
			hasScannedForEncodings = 0;
			knownRegions = (
				en,
				Base,
			);
			mainGroup = 4C5CA70728CFE46700BD8DF9;
			productRefGroup = 4C5CA71128CFE46700BD8DF9 /* Products */;
			projectDirPath = "";
			projectRoot = "";
			targets = (
				4C5CA70F28CFE46700BD8DF9 /* EdgeTutorialAppStart */,
			);
		};
/* End PBXProject section */

/* Begin PBXResourcesBuildPhase section */
		4C5CA70E28CFE46700BD8DF9 /* Resources */ = {
			isa = PBXResourcesBuildPhase;
			buildActionMask = 2147483647;
			files = (
				4C5CA72A28CFE4F600BD8DF9 /* Preview Content in Resources */,
				4C5CA72D28CFE50000BD8DF9 /* LaunchScreen.storyboard in Resources */,
				4C5CA72928CFE4F600BD8DF9 /* Assets.xcassets in Resources */,
			);
			runOnlyForDeploymentPostprocessing = 0;
		};
/* End PBXResourcesBuildPhase section */

/* Begin PBXShellScriptBuildPhase section */
		54761130470530172328EAE5 /* [CP] Check Pods Manifest.lock */ = {
			isa = PBXShellScriptBuildPhase;
			buildActionMask = 2147483647;
			files = (
			);
			inputFileListPaths = (
			);
			inputPaths = (
				"${PODS_PODFILE_DIR_PATH}/Podfile.lock",
				"${PODS_ROOT}/Manifest.lock",
			);
			name = "[CP] Check Pods Manifest.lock";
			outputFileListPaths = (
			);
			outputPaths = (
				"$(DERIVED_FILE_DIR)/Pods-EdgeTutorialAppStart-checkManifestLockResult.txt",
			);
			runOnlyForDeploymentPostprocessing = 0;
			shellPath = /bin/sh;
			shellScript = "diff \"${PODS_PODFILE_DIR_PATH}/Podfile.lock\" \"${PODS_ROOT}/Manifest.lock\" > /dev/null\nif [ $? != 0 ] ; then\n    # print error to STDERR\n    echo \"error: The sandbox is not in sync with the Podfile.lock. Run 'pod install' or update your CocoaPods installation.\" >&2\n    exit 1\nfi\n# This output is used by Xcode 'outputs' to avoid re-running this script phase.\necho \"SUCCESS\" > \"${SCRIPT_OUTPUT_FILE_0}\"\n";
			showEnvVarsInLog = 0;
		};
		86811CD9212AD38F8E7B07E7 /* [CP] Embed Pods Frameworks */ = {
			isa = PBXShellScriptBuildPhase;
			buildActionMask = 2147483647;
			files = (
			);
			inputFileListPaths = (
				"${PODS_ROOT}/Target Support Files/Pods-EdgeTutorialAppStart/Pods-EdgeTutorialAppStart-frameworks-${CONFIGURATION}-input-files.xcfilelist",
			);
			name = "[CP] Embed Pods Frameworks";
			outputFileListPaths = (
				"${PODS_ROOT}/Target Support Files/Pods-EdgeTutorialAppStart/Pods-EdgeTutorialAppStart-frameworks-${CONFIGURATION}-output-files.xcfilelist",
			);
			runOnlyForDeploymentPostprocessing = 0;
			shellPath = /bin/sh;
			shellScript = "\"${PODS_ROOT}/Target Support Files/Pods-EdgeTutorialAppStart/Pods-EdgeTutorialAppStart-frameworks.sh\"\n";
			showEnvVarsInLog = 0;
		};
/* End PBXShellScriptBuildPhase section */

/* Begin PBXSourcesBuildPhase section */
		4C5CA70C28CFE46700BD8DF9 /* Sources */ = {
			isa = PBXSourcesBuildPhase;
			buildActionMask = 2147483647;
			files = (
				4C5CA72828CFE4F600BD8DF9 /* AppDelegate.swift in Sources */,
				4C5CA71628CFE46700BD8DF9 /* ContentView.swift in Sources */,
				4C5CA72628CFE4F600BD8DF9 /* SceneDelegate.swift in Sources */,
			);
			runOnlyForDeploymentPostprocessing = 0;
		};
/* End PBXSourcesBuildPhase section */

/* Begin PBXVariantGroup section */
		4C5CA72B28CFE50000BD8DF9 /* LaunchScreen.storyboard */ = {
			isa = PBXVariantGroup;
			children = (
				4C5CA72C28CFE50000BD8DF9 /* Base */,
			);
			name = LaunchScreen.storyboard;
			sourceTree = "<group>";
		};
/* End PBXVariantGroup section */

/* Begin XCBuildConfiguration section */
		4C5CA71C28CFE46700BD8DF9 /* Debug */ = {
			isa = XCBuildConfiguration;
			buildSettings = {
				ALWAYS_SEARCH_USER_PATHS = NO;
				CLANG_ANALYZER_NONNULL = YES;
				CLANG_ANALYZER_NUMBER_OBJECT_CONVERSION = YES_AGGRESSIVE;
				CLANG_CXX_LANGUAGE_STANDARD = "gnu++17";
				CLANG_ENABLE_MODULES = YES;
				CLANG_ENABLE_OBJC_ARC = YES;
				CLANG_ENABLE_OBJC_WEAK = YES;
				CLANG_WARN_BLOCK_CAPTURE_AUTORELEASING = YES;
				CLANG_WARN_BOOL_CONVERSION = YES;
				CLANG_WARN_COMMA = YES;
				CLANG_WARN_CONSTANT_CONVERSION = YES;
				CLANG_WARN_DEPRECATED_OBJC_IMPLEMENTATIONS = YES;
				CLANG_WARN_DIRECT_OBJC_ISA_USAGE = YES_ERROR;
				CLANG_WARN_DOCUMENTATION_COMMENTS = YES;
				CLANG_WARN_EMPTY_BODY = YES;
				CLANG_WARN_ENUM_CONVERSION = YES;
				CLANG_WARN_INFINITE_RECURSION = YES;
				CLANG_WARN_INT_CONVERSION = YES;
				CLANG_WARN_NON_LITERAL_NULL_CONVERSION = YES;
				CLANG_WARN_OBJC_IMPLICIT_RETAIN_SELF = YES;
				CLANG_WARN_OBJC_LITERAL_CONVERSION = YES;
				CLANG_WARN_OBJC_ROOT_CLASS = YES_ERROR;
				CLANG_WARN_QUOTED_INCLUDE_IN_FRAMEWORK_HEADER = YES;
				CLANG_WARN_RANGE_LOOP_ANALYSIS = YES;
				CLANG_WARN_STRICT_PROTOTYPES = YES;
				CLANG_WARN_SUSPICIOUS_MOVE = YES;
				CLANG_WARN_UNGUARDED_AVAILABILITY = YES_AGGRESSIVE;
				CLANG_WARN_UNREACHABLE_CODE = YES;
				CLANG_WARN__DUPLICATE_METHOD_MATCH = YES;
				COPY_PHASE_STRIP = NO;
				DEBUG_INFORMATION_FORMAT = dwarf;
				ENABLE_STRICT_OBJC_MSGSEND = YES;
				ENABLE_TESTABILITY = YES;
				GCC_C_LANGUAGE_STANDARD = gnu11;
				GCC_DYNAMIC_NO_PIC = NO;
				GCC_NO_COMMON_BLOCKS = YES;
				GCC_OPTIMIZATION_LEVEL = 0;
				GCC_PREPROCESSOR_DEFINITIONS = (
					"DEBUG=1",
					"$(inherited)",
				);
				GCC_WARN_64_TO_32_BIT_CONVERSION = YES;
				GCC_WARN_ABOUT_RETURN_TYPE = YES_ERROR;
				GCC_WARN_UNDECLARED_SELECTOR = YES;
				GCC_WARN_UNINITIALIZED_AUTOS = YES_AGGRESSIVE;
				GCC_WARN_UNUSED_FUNCTION = YES;
				GCC_WARN_UNUSED_VARIABLE = YES;
				IPHONEOS_DEPLOYMENT_TARGET = 15.5;
				MTL_ENABLE_DEBUG_INFO = INCLUDE_SOURCE;
				MTL_FAST_MATH = YES;
				ONLY_ACTIVE_ARCH = YES;
				SDKROOT = iphoneos;
				SWIFT_ACTIVE_COMPILATION_CONDITIONS = DEBUG;
				SWIFT_OPTIMIZATION_LEVEL = "-Onone";
			};
			name = Debug;
		};
		4C5CA71D28CFE46700BD8DF9 /* Release */ = {
			isa = XCBuildConfiguration;
			buildSettings = {
				ALWAYS_SEARCH_USER_PATHS = NO;
				CLANG_ANALYZER_NONNULL = YES;
				CLANG_ANALYZER_NUMBER_OBJECT_CONVERSION = YES_AGGRESSIVE;
				CLANG_CXX_LANGUAGE_STANDARD = "gnu++17";
				CLANG_ENABLE_MODULES = YES;
				CLANG_ENABLE_OBJC_ARC = YES;
				CLANG_ENABLE_OBJC_WEAK = YES;
				CLANG_WARN_BLOCK_CAPTURE_AUTORELEASING = YES;
				CLANG_WARN_BOOL_CONVERSION = YES;
				CLANG_WARN_COMMA = YES;
				CLANG_WARN_CONSTANT_CONVERSION = YES;
				CLANG_WARN_DEPRECATED_OBJC_IMPLEMENTATIONS = YES;
				CLANG_WARN_DIRECT_OBJC_ISA_USAGE = YES_ERROR;
				CLANG_WARN_DOCUMENTATION_COMMENTS = YES;
				CLANG_WARN_EMPTY_BODY = YES;
				CLANG_WARN_ENUM_CONVERSION = YES;
				CLANG_WARN_INFINITE_RECURSION = YES;
				CLANG_WARN_INT_CONVERSION = YES;
				CLANG_WARN_NON_LITERAL_NULL_CONVERSION = YES;
				CLANG_WARN_OBJC_IMPLICIT_RETAIN_SELF = YES;
				CLANG_WARN_OBJC_LITERAL_CONVERSION = YES;
				CLANG_WARN_OBJC_ROOT_CLASS = YES_ERROR;
				CLANG_WARN_QUOTED_INCLUDE_IN_FRAMEWORK_HEADER = YES;
				CLANG_WARN_RANGE_LOOP_ANALYSIS = YES;
				CLANG_WARN_STRICT_PROTOTYPES = YES;
				CLANG_WARN_SUSPICIOUS_MOVE = YES;
				CLANG_WARN_UNGUARDED_AVAILABILITY = YES_AGGRESSIVE;
				CLANG_WARN_UNREACHABLE_CODE = YES;
				CLANG_WARN__DUPLICATE_METHOD_MATCH = YES;
				COPY_PHASE_STRIP = NO;
				DEBUG_INFORMATION_FORMAT = "dwarf-with-dsym";
				ENABLE_NS_ASSERTIONS = NO;
				ENABLE_STRICT_OBJC_MSGSEND = YES;
				GCC_C_LANGUAGE_STANDARD = gnu11;
				GCC_NO_COMMON_BLOCKS = YES;
				GCC_WARN_64_TO_32_BIT_CONVERSION = YES;
				GCC_WARN_ABOUT_RETURN_TYPE = YES_ERROR;
				GCC_WARN_UNDECLARED_SELECTOR = YES;
				GCC_WARN_UNINITIALIZED_AUTOS = YES_AGGRESSIVE;
				GCC_WARN_UNUSED_FUNCTION = YES;
				GCC_WARN_UNUSED_VARIABLE = YES;
				IPHONEOS_DEPLOYMENT_TARGET = 15.5;
				MTL_ENABLE_DEBUG_INFO = NO;
				MTL_FAST_MATH = YES;
				SDKROOT = iphoneos;
				SWIFT_COMPILATION_MODE = wholemodule;
				SWIFT_OPTIMIZATION_LEVEL = "-O";
				VALIDATE_PRODUCT = YES;
			};
			name = Release;
		};
		4C5CA71F28CFE46700BD8DF9 /* Debug */ = {
			isa = XCBuildConfiguration;
			baseConfigurationReference = 6FEE38FA942E0937F1C7979D /* Pods-EdgeTutorialAppStart.debug.xcconfig */;
			buildSettings = {
				ALWAYS_EMBED_SWIFT_STANDARD_LIBRARIES = "$(inherited)";
				ASSETCATALOG_COMPILER_APPICON_NAME = AppIcon;
				ASSETCATALOG_COMPILER_GLOBAL_ACCENT_COLOR_NAME = AccentColor;
				CODE_SIGN_STYLE = Automatic;
				CURRENT_PROJECT_VERSION = 1;
				DEVELOPMENT_ASSET_PATHS = "\"EdgeTutorialAppStart/Preview Content\"";
				DEVELOPMENT_TEAM = FKGEE875K4;
				ENABLE_PREVIEWS = YES;
				GENERATE_INFOPLIST_FILE = NO;
				INFOPLIST_FILE = EdgeTutorialAppStart/Info.plist;
				INFOPLIST_KEY_UIApplicationSceneManifest_Generation = NO;
				INFOPLIST_KEY_UIApplicationSupportsIndirectInputEvents = NO;
				INFOPLIST_KEY_UILaunchScreen_Generation = NO;
				IPHONEOS_DEPLOYMENT_TARGET = 13.0;
				LD_RUNPATH_SEARCH_PATHS = (
					"$(inherited)",
					"@executable_path/Frameworks",
				);
				MARKETING_VERSION = 1.0;
				PRODUCT_BUNDLE_IDENTIFIER = com.adobe.edge.edgetutorialappstart.EdgeTutorialAppStart;
				PRODUCT_NAME = "$(TARGET_NAME)";
				SWIFT_EMIT_LOC_STRINGS = YES;
				SWIFT_VERSION = 5.0;
				TARGETED_DEVICE_FAMILY = "1,2";
			};
			name = Debug;
		};
		4C5CA72028CFE46700BD8DF9 /* Release */ = {
			isa = XCBuildConfiguration;
			baseConfigurationReference = B6A7E404911A2A89D87A8DED /* Pods-EdgeTutorialAppStart.release.xcconfig */;
			buildSettings = {
				ALWAYS_EMBED_SWIFT_STANDARD_LIBRARIES = "$(inherited)";
				ASSETCATALOG_COMPILER_APPICON_NAME = AppIcon;
				ASSETCATALOG_COMPILER_GLOBAL_ACCENT_COLOR_NAME = AccentColor;
				CODE_SIGN_STYLE = Automatic;
				CURRENT_PROJECT_VERSION = 1;
				DEVELOPMENT_ASSET_PATHS = "\"EdgeTutorialAppStart/Preview Content\"";
				DEVELOPMENT_TEAM = FKGEE875K4;
				ENABLE_PREVIEWS = YES;
				GENERATE_INFOPLIST_FILE = NO;
				INFOPLIST_FILE = EdgeTutorialAppStart/Info.plist;
				INFOPLIST_KEY_UIApplicationSceneManifest_Generation = NO;
				INFOPLIST_KEY_UIApplicationSupportsIndirectInputEvents = NO;
				INFOPLIST_KEY_UILaunchScreen_Generation = NO;
				IPHONEOS_DEPLOYMENT_TARGET = 13.0;
				LD_RUNPATH_SEARCH_PATHS = (
					"$(inherited)",
					"@executable_path/Frameworks",
				);
				MARKETING_VERSION = 1.0;
				PRODUCT_BUNDLE_IDENTIFIER = com.adobe.edge.edgetutorialappstart.EdgeTutorialAppStart;
				PRODUCT_NAME = "$(TARGET_NAME)";
				SWIFT_EMIT_LOC_STRINGS = YES;
				SWIFT_VERSION = 5.0;
				TARGETED_DEVICE_FAMILY = "1,2";
			};
			name = Release;
		};
/* End XCBuildConfiguration section */

/* Begin XCConfigurationList section */
		4C5CA70B28CFE46700BD8DF9 /* Build configuration list for PBXProject "EdgeTutorialAppStart" */ = {
			isa = XCConfigurationList;
			buildConfigurations = (
				4C5CA71C28CFE46700BD8DF9 /* Debug */,
				4C5CA71D28CFE46700BD8DF9 /* Release */,
			);
			defaultConfigurationIsVisible = 0;
			defaultConfigurationName = Release;
		};
		4C5CA71E28CFE46700BD8DF9 /* Build configuration list for PBXNativeTarget "EdgeTutorialAppStart" */ = {
			isa = XCConfigurationList;
			buildConfigurations = (
				4C5CA71F28CFE46700BD8DF9 /* Debug */,
				4C5CA72028CFE46700BD8DF9 /* Release */,
			);
			defaultConfigurationIsVisible = 0;
			defaultConfigurationName = Release;
		};
/* End XCConfigurationList section */
	};
	rootObject = 4C5CA70828CFE46700BD8DF9 /* Project object */;
}
