PODS:
  - ACPCore (2.7.3):
    - ACPCore/main (= 2.7.3)
  - ACPCore/main (2.7.3)
  - ACPGriffon (1.1.3):
    - ACPCore
    - ACPGriffon/iOS (= 1.1.3)
  - ACPGriffon/iOS (1.1.3):
    - ACPCore

DEPENDENCIES:
  - ACPGriffon (~> 1.0)

SPEC REPOS:
  trunk:
    - ACPCore
    - ACPGriffon

SPEC CHECKSUMS:
  ACPCore: 775f513687127325d980dba5721b08ea3d5ea79a
  ACPGriffon: f34c6e6fa4887a7de339f4fb9cf5fd9fbb82fe6e

PODFILE CHECKSUM: 9c3525c438d1eaac76f9b5ef8c83b1865f607760

COCOAPODS: 1.9.1
